
Microsoft Visual Studio Solution File, Format Version 12.00
# Visual Studio 15
VisualStudioVersion = 15.0.27703.2047
MinimumVisualStudioVersion = 10.0.40219.1
Project("{FAE04EC0-301F-11D3-BF4B-00C04F79EFBC}") = "WebApplication3", "WebApplication3\WebApplication3.csproj", "{3FC00B60-E4E8-4AB0-B687-919E526CA766}"
EndProject
Global
	GlobalSection(SolutionConfigurationPlatforms) = preSolution
		Debug|Any CPU = Debug|Any CPU
		Release|Any CPU = Release|Any CPU
	EndGlobalSection
	GlobalSection(ProjectConfigurationPlatforms) = postSolution
		{3FC00B60-E4E8-4AB0-B687-919E526CA766}.Debug|Any CPU.ActiveCfg = Debug|Any CPU
		{3FC00B60-E4E8-4AB0-B687-919E526CA766}.Debug|Any CPU.Build.0 = Debug|Any CPU
		{3FC00B60-E4E8-4AB0-B687-919E526CA766}.Release|Any CPU.ActiveCfg = Release|Any CPU
		{3FC00B60-E4E8-4AB0-B687-919E526CA766}.Release|Any CPU.Build.0 = Release|Any CPU
	EndGlobalSection
	GlobalSection(SolutionProperties) = preSolution
		HideSolutionNode = FALSE
	EndGlobalSection
	GlobalSection(ExtensibilityGlobals) = postSolution
		SolutionGuid = {558187BC-9F6E-4246-96DA-D9F52718DD86}
	EndGlobalSection
EndGlobal
